
Microsoft Visual Studio Solution File, Format Version 12.00
# Visual Studio 15
Project("{FAE04EC0-301F-11D3-BF4B-00C04F79EFBC}") = "MutantsAPI", "MutantsAPI\MutantsAPI.csproj", "{5C2F7E07-CB89-49CF-A02F-29F879640BE7}"
EndProject
Project("{FAE04EC0-301F-11D3-BF4B-00C04F79EFBC}") = "MutantsApi.Tests", "MutantsApi.Tests\MutantsApi.Tests.csproj", "{8B715FCF-1082-4BD1-8787-8EBC85E95D59}"
EndProject
Global
	GlobalSection(SolutionConfigurationPlatforms) = preSolution
		Debug|Any CPU = Debug|Any CPU
		Release|Any CPU = Release|Any CPU
	EndGlobalSection
	GlobalSection(ProjectConfigurationPlatforms) = postSolution
		{5C2F7E07-CB89-49CF-A02F-29F879640BE7}.Debug|Any CPU.ActiveCfg = Debug|Any CPU
		{5C2F7E07-CB89-49CF-A02F-29F879640BE7}.Debug|Any CPU.Build.0 = Debug|Any CPU
		{5C2F7E07-CB89-49CF-A02F-29F879640BE7}.Release|Any CPU.ActiveCfg = Release|Any CPU
		{5C2F7E07-CB89-49CF-A02F-29F879640BE7}.Release|Any CPU.Build.0 = Release|Any CPU
		{8B715FCF-1082-4BD1-8787-8EBC85E95D59}.Debug|Any CPU.ActiveCfg = Debug|Any CPU
		{8B715FCF-1082-4BD1-8787-8EBC85E95D59}.Debug|Any CPU.Build.0 = Debug|Any CPU
		{8B715FCF-1082-4BD1-8787-8EBC85E95D59}.Release|Any CPU.ActiveCfg = Release|Any CPU
		{8B715FCF-1082-4BD1-8787-8EBC85E95D59}.Release|Any CPU.Build.0 = Release|Any CPU
	EndGlobalSection
EndGlobal
